
Microsoft Visual Studio Solution File, Format Version 12.00
# Visual Studio Version 17
VisualStudioVersion = 17.3.32825.248
MinimumVisualStudioVersion = 10.0.40219.1
Project("{FAE04EC0-301F-11D3-BF4B-00C04F79EFBC}") = "SunofnthSeries", "SunofnthSeries\SunofnthSeries.csproj", "{852A9AC3-F257-4C3F-92B1-259F2B0249B8}"
EndProject
Global
	GlobalSection(SolutionConfigurationPlatforms) = preSolution
		Debug|Any CPU = Debug|Any CPU
		Release|Any CPU = Release|Any CPU
	EndGlobalSection
	GlobalSection(ProjectConfigurationPlatforms) = postSolution
		{852A9AC3-F257-4C3F-92B1-259F2B0249B8}.Debug|Any CPU.ActiveCfg = Debug|Any CPU
		{852A9AC3-F257-4C3F-92B1-259F2B0249B8}.Debug|Any CPU.Build.0 = Debug|Any CPU
		{852A9AC3-F257-4C3F-92B1-259F2B0249B8}.Release|Any CPU.ActiveCfg = Release|Any CPU
		{852A9AC3-F257-4C3F-92B1-259F2B0249B8}.Release|Any CPU.Build.0 = Release|Any CPU
	EndGlobalSection
	GlobalSection(SolutionProperties) = preSolution
		HideSolutionNode = FALSE
	EndGlobalSection
	GlobalSection(ExtensibilityGlobals) = postSolution
		SolutionGuid = {88E071D6-E49F-415E-AF58-A88319CEBFF9}
	EndGlobalSection
EndGlobal
